{
  "name": "cioffi-agentskills",
  "version": "0.1.1",
  "lockfileVersion": 3,
  "requires": true,
  "packages": {
    "": {
      "name": "cioffi-agentskills",
      "version": "0.1.1",
      "license": "MIT",
      "bin": {
        "cioffi-agentskills": "bin/cioffi-agentskills.js"
      },
      "engines": {
        "node": ">=18"
      }
    }
  }
}
