{
  "name": "cioffi-agentskills",
  "version": "0.1.1",
  "lockfileVersion": 3,
  "requires": true,
  "packages": {
    "": {
      "name": "cioffi-agentskills",
      "version": "0.1.1",
      "license": "MIT",
      "dependencies": {
        "cioffi-agentskills": "^0.1.0"
      },
      "bin": {
        "cioffi-agentskills": "bin/cioffi-agentskills.js"
      },
      "engines": {
        "node": ">=18"
      }
    },
    "node_modules/cioffi-agentskills": {
      "version": "0.1.0",
      "resolved": "https://registry.npmjs.org/cioffi-agentskills/-/cioffi-agentskills-0.1.0.tgz",
      "integrity": "sha512-aWVR4dJ8qILQrS9f+QP8tVO7V1dcrTIJI7pIoomibKtSWey7X6UAfCOxmgwLVr6MrICCIUhUQOMHCwc/UusXqA==",
      "license": "MIT",
      "bin": {
        "cioffi-agentskills": "bin/cioffi-agentskills.js"
      },
      "engines": {
        "node": ">=18"
      }
    }
  }
}
